{
  "name": "quantum_nimbus_public",
  "version": "1.0.0",
  "lockfileVersion": 3,
  "requires": true,
  "packages": {
    "": {
      "name": "quantum_nimbus_public",
      "version": "1.0.0",
      "license": "ISC",
      "dependencies": {
        "@netlify/functions": "^5.3.0",
        "@supabase/supabase-js": "^2.110.7",
        "d3-geo": "^3.1.1",
        "onnxruntime-node": "^1.20.0",
        "react-simple-maps": "^3.0.0",
        "topojson-client": "^3.1.0"
      }
    },
    "node_modules/@netlify/functions": {
      "version": "5.3.0",
      "resolved": "https://registry.npmjs.org/@netlify/functions/-/functions-5.3.0.tgz",
      "integrity": "sha512-FP+xCoZMkMOUsKa4UdG/oiK/2md1/TxuXvqqieaMVMgDbFFMaHI8h0oHCViUY73kPbKV6HyzayaSXGYXKpBSoQ==",
      "license": "MIT",
      "dependencies": {
        "@netlify/types": "2.8.0"
      },
      "engines": {
        "node": ">=18.0.0"
      }
    },
    "node_modules/@netlify/types": {
      "version": "2.8.0",
      "resolved": "https://registry.npmjs.org/@netlify/types/-/types-2.8.0.tgz",
      "integrity": "sha512-8/g0Pt6y6wXj5Ia5eeYLiXhRfWeqZXGXpGFeCiiQdUOem+FPtXdA4+YdGxqzWc7D0AvptKSO01KGeeVWHSu8Kg==",
      "license": "MIT",
      "engines": {
        "node": "^18.14.0 || >=20"
      }
    },
    "node_modules/@supabase/auth-js": {
      "version": "2.112.1",
      "resolved": "https://registry.npmjs.org/@supabase/auth-js/-/auth-js-2.112.1.tgz",
      "integrity": "sha512-TBacB69YXSYYFFet9ISgNC2jsPExFPIWngmzeLHAWrp/xvKWfYIyhh0nyvDLryi8WP6KoexkXO9kRF6Y9oBUTA==",
      "license": "MIT",
      "dependencies": {
        "tslib": "2.8.1"
      },
      "engines": {
        "node": ">=22.0.0"
      }
    },
    "node_modules/@supabase/functions-js": {
      "version": "2.112.1",
      "resolved": "https://registry.npmjs.org/@supabase/functions-js/-/functions-js-2.112.1.tgz",
      "integrity": "sha512-t5L8qBpRC2ZswHD4A7DNL/sNpFLEeflaYaZVe5dCWvAD82pm2WOysU8EKgiJub3doxo/QU8RuDvYFlRyRk8ghw==",
      "license": "MIT",
      "dependencies": {
        "tslib": "2.8.1"
      },
      "engines": {
        "node": ">=22.0.0"
      }
    },
    "node_modules/@supabase/phoenix": {
      "version": "0.4.5",
      "resolved": "https://registry.npmjs.org/@supabase/phoenix/-/phoenix-0.4.5.tgz",
      "integrity": "sha512-aAn9H9ovVyeApKy11OWOrrOGq8DV68yWeH4ud2lN9fzn4aO8Zb5GLL9m1pUg9nLqIcT+ZDfAcsZe0E/nqdv2lw==",
      "license": "MIT"
    },
    "node_modules/@supabase/postgrest-js": {
      "version": "2.112.1",
      "resolved": "https://registry.npmjs.org/@supabase/postgrest-js/-/postgrest-js-2.112.1.tgz",
      "integrity": "sha512-oX42JgoVT8bP73/XYE1+kQdj6/Ql1j6lD6zpCoL8aq1B0uhZsz4FSoT+cBJB3pi4aPZEA0Ntkid6w7uzuAH5jQ==",
      "license": "MIT",
      "dependencies": {
        "tslib": "2.8.1"
      },
      "engines": {
        "node": ">=22.0.0"
      }
    },
    "node_modules/@supabase/realtime-js": {
      "version": "2.112.1",
      "resolved": "https://registry.npmjs.org/@supabase/realtime-js/-/realtime-js-2.112.1.tgz",
      "integrity": "sha512-jp5TgXXTb1m2rqF6kiirOhVnvAoFHrjj7ZHOzWRa+SL+Am0BbcMcQr6FyHkJJS1ngw0TAL2DeymfGgKkSanN0A==",
      "license": "MIT",
      "dependencies": {
        "@supabase/phoenix": "0.4.5",
        "tslib": "2.8.1"
      },
      "engines": {
        "node": ">=22.0.0"
      }
    },
    "node_modules/@supabase/storage-js": {
      "version": "2.112.1",
      "resolved": "https://registry.npmjs.org/@supabase/storage-js/-/storage-js-2.112.1.tgz",
      "integrity": "sha512-FHKAQTw4KUV9nF3bnOLvZvjB3bkmtl6ltavlJfdJKdabvqMtQQ2iyBliFyp2dSHMCn9qA8c6WoZoRkgV5nxAmg==",
      "license": "MIT",
      "dependencies": {
        "iceberg-js": "^0.8.1",
        "tslib": "2.8.1"
      },
      "engines": {
        "node": ">=22.0.0"
      }
    },
    "node_modules/@supabase/supabase-js": {
      "version": "2.112.1",
      "resolved": "https://registry.npmjs.org/@supabase/supabase-js/-/supabase-js-2.112.1.tgz",
      "integrity": "sha512-KooEPqALZNkQCr1PBhbEImnPm6Ko6TKWiOrj3UxQki74g2KWlXGleQgEudUwRAKZs5U1ilSssO0TpxgVOspihQ==",
      "license": "MIT",
      "dependencies": {
        "@supabase/auth-js": "2.112.1",
        "@supabase/functions-js": "2.112.1",
        "@supabase/postgrest-js": "2.112.1",
        "@supabase/realtime-js": "2.112.1",
        "@supabase/storage-js": "2.112.1"
      },
      "engines": {
        "node": ">=22.0.0"
      },
      "peerDependencies": {
        "@opentelemetry/api": ">=1.0.0"
      },
      "peerDependenciesMeta": {
        "@opentelemetry/api": {
          "optional": true
        }
      }
    },
    "node_modules/adm-zip": {
      "version": "0.5.18",
      "resolved": "https://registry.npmjs.org/adm-zip/-/adm-zip-0.5.18.tgz",
      "integrity": "sha512-ufJnssQGbxzLNS1Ho9bCtX4rQKCCvoVuDLHoJyc3F9dOGDB4BkWs2Ci0kv53lqocAEQ/Cbi+I2XCsNYGqVYqng==",
      "license": "MIT",
      "engines": {
        "node": ">=12.0"
      }
    },
    "node_modules/commander": {
      "version": "2.20.3",
      "resolved": "https://registry.npmjs.org/commander/-/commander-2.20.3.tgz",
      "integrity": "sha512-GpVkmM8vF2vQUkj2LvZmD35JxeJOLCwJ9cUkugyk2nuhbv3+mJvpLYYt+0+USMxE+oj+ey/lJEnhZw75x/OMcQ==",
      "license": "MIT"
    },
    "node_modules/d3-array": {
      "version": "3.2.4",
      "resolved": "https://registry.npmjs.org/d3-array/-/d3-array-3.2.4.tgz",
      "integrity": "sha512-tdQAmyA18i4J7wprpYq8ClcxZy3SC31QMeByyCFyRt7BVHdREQZ5lpzoe5mFEYZUWe+oq8HBvk9JjpibyEV4Jg==",
      "license": "ISC",
      "dependencies": {
        "internmap": "1 - 2"
      },
      "engines": {
        "node": ">=12"
      }
    },
    "node_modules/d3-color": {
      "version": "2.0.0",
      "resolved": "https://registry.npmjs.org/d3-color/-/d3-color-2.0.0.tgz",
      "integrity": "sha512-SPXi0TSKPD4g9tw0NMZFnR95XVgUZiBH+uUTqQuDu1OsE2zomHU7ho0FISciaPvosimixwHFl3WHLGabv6dDgQ==",
      "license": "BSD-3-Clause"
    },
    "node_modules/d3-dispatch": {
      "version": "2.0.0",
      "resolved": "https://registry.npmjs.org/d3-dispatch/-/d3-dispatch-2.0.0.tgz",
      "integrity": "sha512-S/m2VsXI7gAti2pBoLClFFTMOO1HTtT0j99AuXLoGFKO6deHDdnv6ZGTxSTTUTgO1zVcv82fCOtDjYK4EECmWA==",
      "license": "BSD-3-Clause"
    },
    "node_modules/d3-drag": {
      "version": "2.0.0",
      "resolved": "https://registry.npmjs.org/d3-drag/-/d3-drag-2.0.0.tgz",
      "integrity": "sha512-g9y9WbMnF5uqB9qKqwIIa/921RYWzlUDv9Jl1/yONQwxbOfszAWTCm8u7HOTgJgRDXiRZN56cHT9pd24dmXs8w==",
      "license": "BSD-3-Clause",
      "dependencies": {
        "d3-dispatch": "1 - 2",
        "d3-selection": "2"
      }
    },
    "node_modules/d3-ease": {
      "version": "2.0.0",
      "resolved": "https://registry.npmjs.org/d3-ease/-/d3-ease-2.0.0.tgz",
      "integrity": "sha512-68/n9JWarxXkOWMshcT5IcjbB+agblQUaIsbnXmrzejn2O82n3p2A9R2zEB9HIEFWKFwPAEDDN8gR0VdSAyyAQ==",
      "license": "BSD-3-Clause"
    },
    "node_modules/d3-geo": {
      "version": "3.1.1",
      "resolved": "https://registry.npmjs.org/d3-geo/-/d3-geo-3.1.1.tgz",
      "integrity": "sha512-637ln3gXKXOwhalDzinUgY83KzNWZRKbYubaG+fGVuc/dxO64RRljtCTnf5ecMyE1RIdtqpkVcq0IbtU2S8j2Q==",
      "license": "ISC",
      "dependencies": {
        "d3-array": "2.5.0 - 3"
      },
      "engines": {
        "node": ">=12"
      }
    },
    "node_modules/d3-interpolate": {
      "version": "2.0.1",
      "resolved": "https://registry.npmjs.org/d3-interpolate/-/d3-interpolate-2.0.1.tgz",
      "integrity": "sha512-c5UhwwTs/yybcmTpAVqwSFl6vrQ8JZJoT5F7xNFK9pymv5C0Ymcc9/LIJHtYIggg/yS9YHw8i8O8tgb9pupjeQ==",
      "license": "BSD-3-Clause",
      "dependencies": {
        "d3-color": "1 - 2"
      }
    },
    "node_modules/d3-selection": {
      "version": "2.0.0",
      "resolved": "https://registry.npmjs.org/d3-selection/-/d3-selection-2.0.0.tgz",
      "integrity": "sha512-XoGGqhLUN/W14NmaqcO/bb1nqjDAw5WtSYb2X8wiuQWvSZUsUVYsOSkOybUrNvcBjaywBdYPy03eXHMXjk9nZA==",
      "license": "BSD-3-Clause"
    },
    "node_modules/d3-timer": {
      "version": "2.0.0",
      "resolved": "https://registry.npmjs.org/d3-timer/-/d3-timer-2.0.0.tgz",
      "integrity": "sha512-TO4VLh0/420Y/9dO3+f9abDEFYeCUr2WZRlxJvbp4HPTQcSylXNiL6yZa9FIUvV1yRiFufl1bszTCLDqv9PWNA==",
      "license": "BSD-3-Clause"
    },
    "node_modules/d3-transition": {
      "version": "2.0.0",
      "resolved": "https://registry.npmjs.org/d3-transition/-/d3-transition-2.0.0.tgz",
      "integrity": "sha512-42ltAGgJesfQE3u9LuuBHNbGrI/AJjNL2OAUdclE70UE6Vy239GCBEYD38uBPoLeNsOhFStGpPI0BAOV+HMxog==",
      "license": "BSD-3-Clause",
      "dependencies": {
        "d3-color": "1 - 2",
        "d3-dispatch": "1 - 2",
        "d3-ease": "1 - 2",
        "d3-interpolate": "1 - 2",
        "d3-timer": "1 - 2"
      },
      "peerDependencies": {
        "d3-selection": "2"
      }
    },
    "node_modules/d3-zoom": {
      "version": "2.0.0",
      "resolved": "https://registry.npmjs.org/d3-zoom/-/d3-zoom-2.0.0.tgz",
      "integrity": "sha512-fFg7aoaEm9/jf+qfstak0IYpnesZLiMX6GZvXtUSdv8RH2o4E2qeelgdU09eKS6wGuiGMfcnMI0nTIqWzRHGpw==",
      "license": "BSD-3-Clause",
      "dependencies": {
        "d3-dispatch": "1 - 2",
        "d3-drag": "2",
        "d3-interpolate": "1 - 2",
        "d3-selection": "2",
        "d3-transition": "2"
      }
    },
    "node_modules/define-data-property": {
      "version": "1.1.4",
      "resolved": "https://registry.npmjs.org/define-data-property/-/define-data-property-1.1.4.tgz",
      "integrity": "sha512-rBMvIzlpA8v6E+SJZoo++HAYqsLrkg7MSfIinMPFhmkorw7X+dOXVJQs+QT69zGkzMyfDnIMN2Wid1+NbL3T+A==",
      "license": "MIT",
      "dependencies": {
        "es-define-property": "^1.0.0",
        "es-errors": "^1.3.0",
        "gopd": "^1.0.1"
      },
      "engines": {
        "node": ">= 0.4"
      },
      "funding": {
        "url": "https://github.com/sponsors/ljharb"
      }
    },
    "node_modules/define-properties": {
      "version": "1.2.1",
      "resolved": "https://registry.npmjs.org/define-properties/-/define-properties-1.2.1.tgz",
      "integrity": "sha512-8QmQKqEASLd5nx0U1B1okLElbUuuttJ/AnYmRXbbbGDWh6uS208EjD4Xqq/I9wK7u0v6O08XhTWnt5XtEbR6Dg==",
      "license": "MIT",
      "dependencies": {
        "define-data-property": "^1.0.1",
        "has-property-descriptors": "^1.0.0",
        "object-keys": "^1.1.1"
      },
      "engines": {
        "node": ">= 0.4"
      },
      "funding": {
        "url": "https://github.com/sponsors/ljharb"
      }
    },
    "node_modules/es-define-property": {
      "version": "1.0.1",
      "resolved": "https://registry.npmjs.org/es-define-property/-/es-define-property-1.0.1.tgz",
      "integrity": "sha512-e3nRfgfUZ4rNGL232gUgX06QNyyez04KdjFrF+LTRoOXmrOgFKDg4BCdsjW8EnT69eqdYGmRpJwiPVYNrCaW3g==",
      "license": "MIT",
      "engines": {
        "node": ">= 0.4"
      }
    },
    "node_modules/es-errors": {
      "version": "1.3.0",
      "resolved": "https://registry.npmjs.org/es-errors/-/es-errors-1.3.0.tgz",
      "integrity": "sha512-Zf5H2Kxt2xjTvbJvP2ZWLEICxA6j+hAmMzIlypy4xcBg1vKVnx89Wy0GbS+kf5cwCVFFzdCFh2XSCFNULS6csw==",
      "license": "MIT",
      "engines": {
        "node": ">= 0.4"
      }
    },
    "node_modules/escape-string-regexp": {
      "version": "4.0.0",
      "resolved": "https://registry.npmjs.org/escape-string-regexp/-/escape-string-regexp-4.0.0.tgz",
      "integrity": "sha512-TtpcNJ3XAzx3Gq8sWRzJaVajRs0uVxA2YAkdb1jm2YkPz4G6egUFAyA3n5vtEIZefPk5Wa4UXbKuS5fKkJWdgA==",
      "license": "MIT",
      "engines": {
        "node": ">=10"
      },
      "funding": {
        "url": "https://github.com/sponsors/sindresorhus"
      }
    },
    "node_modules/global-agent": {
      "version": "4.1.3",
      "resolved": "https://registry.npmjs.org/global-agent/-/global-agent-4.1.3.tgz",
      "integrity": "sha512-KUJEViiuFT3I97t+GYMikLPJS2Lfo/S2F+DQuBWzuzaMPnvt5yyZePzArx36fBzpGTxZjIpDbXLeySLgh+k76g==",
      "license": "BSD-3-Clause",
      "dependencies": {
        "globalthis": "^1.0.2",
        "matcher": "^4.0.0",
        "semver": "^7.3.5",
        "serialize-error": "^8.1.0"
      },
      "engines": {
        "node": ">=10.0"
      }
    },
    "node_modules/globalthis": {
      "version": "1.0.4",
      "resolved": "https://registry.npmjs.org/globalthis/-/globalthis-1.0.4.tgz",
      "integrity": "sha512-DpLKbNU4WylpxJykQujfCcwYWiV/Jhm50Goo0wrVILAv5jOr9d+H+UR3PhSCD2rCCEIg0uc+G+muBTwD54JhDQ==",
      "license": "MIT",
      "dependencies": {
        "define-properties": "^1.2.1",
        "gopd": "^1.0.1"
      },
      "engines": {
        "node": ">= 0.4"
      },
      "funding": {
        "url": "https://github.com/sponsors/ljharb"
      }
    },
    "node_modules/gopd": {
      "version": "1.2.0",
      "resolved": "https://registry.npmjs.org/gopd/-/gopd-1.2.0.tgz",
      "integrity": "sha512-ZUKRh6/kUFoAiTAtTYPZJ3hw9wNxx+BIBOijnlG9PnrJsCcSjs1wyyD6vJpaYtgnzDrKYRSqf3OO6Rfa93xsRg==",
      "license": "MIT",
      "engines": {
        "node": ">= 0.4"
      },
      "funding": {
        "url": "https://github.com/sponsors/ljharb"
      }
    },
    "node_modules/has-property-descriptors": {
      "version": "1.0.2",
      "resolved": "https://registry.npmjs.org/has-property-descriptors/-/has-property-descriptors-1.0.2.tgz",
      "integrity": "sha512-55JNKuIW+vq4Ke1BjOTjM2YctQIvCT7GFzHwmfZPGo5wnrgkid0YQtnAleFSqumZm4az3n2BS+erby5ipJdgrg==",
      "license": "MIT",
      "dependencies": {
        "es-define-property": "^1.0.0"
      },
      "funding": {
        "url": "https://github.com/sponsors/ljharb"
      }
    },
    "node_modules/iceberg-js": {
      "version": "0.8.1",
      "resolved": "https://registry.npmjs.org/iceberg-js/-/iceberg-js-0.8.1.tgz",
      "integrity": "sha512-1dhVQZXhcHje7798IVM+xoo/1ZdVfzOMIc8/rgVSijRK38EDqOJoGula9N/8ZI5RD8QTxNQtK/Gozpr+qUqRRA==",
      "license": "MIT",
      "engines": {
        "node": ">=20.0.0"
      }
    },
    "node_modules/internmap": {
      "version": "2.0.3",
      "resolved": "https://registry.npmjs.org/internmap/-/internmap-2.0.3.tgz",
      "integrity": "sha512-5Hh7Y1wQbvY5ooGgPbDaL5iYLAPzMTUrjMulskHLH6wnv/A+1q5rgEaiuqEjB+oxGXIVZs1FF+R/KPN3ZSQYYg==",
      "license": "ISC",
      "engines": {
        "node": ">=12"
      }
    },
    "node_modules/js-tokens": {
      "version": "4.0.0",
      "resolved": "https://registry.npmjs.org/js-tokens/-/js-tokens-4.0.0.tgz",
      "integrity": "sha512-RdJUflcE3cUzKiMqQgsCu06FPu9UdIJO0beYbPhHN4k6apgJtifcoCtT9bcxOpYBtpD2kCM6Sbzg4CausW/PKQ==",
      "license": "MIT",
      "peer": true
    },
    "node_modules/loose-envify": {
      "version": "1.4.0",
      "resolved": "https://registry.npmjs.org/loose-envify/-/loose-envify-1.4.0.tgz",
      "integrity": "sha512-lyuxPGr/Wfhrlem2CL/UcnUc1zcqKAImBDzukY7Y5F/yQiNdko6+fRLevlw1HgMySw7f611UIY408EtxRSoK3Q==",
      "license": "MIT",
      "peer": true,
      "dependencies": {
        "js-tokens": "^3.0.0 || ^4.0.0"
      },
      "bin": {
        "loose-envify": "cli.js"
      }
    },
    "node_modules/matcher": {
      "version": "4.0.0",
      "resolved": "https://registry.npmjs.org/matcher/-/matcher-4.0.0.tgz",
      "integrity": "sha512-S6x5wmcDmsDRRU/c2dkccDwQPXoFczc5+HpQ2lON8pnvHlnvHAHj5WlLVvw6n6vNyHuVugYrFohYxbS+pvFpKQ==",
      "license": "MIT",
      "dependencies": {
        "escape-string-regexp": "^4.0.0"
      },
      "engines": {
        "node": ">=10"
      },
      "funding": {
        "url": "https://github.com/sponsors/sindresorhus"
      }
    },
    "node_modules/object-assign": {
      "version": "4.1.1",
      "resolved": "https://registry.npmjs.org/object-assign/-/object-assign-4.1.1.tgz",
      "integrity": "sha512-rJgTQnkUnH1sFw8yT6VSU3zD3sWmu6sZhIseY8VX+GRu3P6F7Fu+JNDoXfklElbLJSnc3FUQHVe4cU5hj+BcUg==",
      "license": "MIT",
      "peer": true,
      "engines": {
        "node": ">=0.10.0"
      }
    },
    "node_modules/object-keys": {
      "version": "1.1.1",
      "resolved": "https://registry.npmjs.org/object-keys/-/object-keys-1.1.1.tgz",
      "integrity": "sha512-NuAESUOUMrlIXOfHKzD6bpPu3tYt3xvjNdRIQ+FeT0lNb4K8WR70CaDxhuNguS2XG+GjkyMwOzsN5ZktImfhLA==",
      "license": "MIT",
      "engines": {
        "node": ">= 0.4"
      }
    },
    "node_modules/onnxruntime-common": {
      "version": "1.27.0",
      "resolved": "https://registry.npmjs.org/onnxruntime-common/-/onnxruntime-common-1.27.0.tgz",
      "integrity": "sha512-3KxL5wIVqa8Ex08jxSzncm9CMgw8CjOFyOQ7SxvG9o0cVLlhTNKXyIQuTbtX4tGPJEf73OER2xrjt4HJSBL4ow==",
      "license": "MIT"
    },
    "node_modules/onnxruntime-node": {
      "version": "1.27.0",
      "resolved": "https://registry.npmjs.org/onnxruntime-node/-/onnxruntime-node-1.27.0.tgz",
      "integrity": "sha512-QEzGwrvNBgv4uPVdnbHsOGG4G6T96mdlcFI8aAKPjMU8wOPpVocPXb6k3QGkaZagVTv2G9Bnnbo6Z3JdXr1fQw==",
      "hasInstallScript": true,
      "license": "MIT",
      "os": [
        "win32",
        "darwin",
        "linux"
      ],
      "dependencies": {
        "adm-zip": "^0.5.16",
        "global-agent": "^4.1.3",
        "onnxruntime-common": "1.27.0"
      }
    },
    "node_modules/prop-types": {
      "version": "15.8.1",
      "resolved": "https://registry.npmjs.org/prop-types/-/prop-types-15.8.1.tgz",
      "integrity": "sha512-oj87CgZICdulUohogVAR7AjlC0327U4el4L6eAvOqCeudMDVU0NThNaV+b9Df4dXgSP1gXMTnPdhfe/2qDH5cg==",
      "license": "MIT",
      "peer": true,
      "dependencies": {
        "loose-envify": "^1.4.0",
        "object-assign": "^4.1.1",
        "react-is": "^16.13.1"
      }
    },
    "node_modules/react": {
      "version": "18.3.1",
      "resolved": "https://registry.npmjs.org/react/-/react-18.3.1.tgz",
      "integrity": "sha512-wS+hAgJShR0KhEvPJArfuPVN1+Hz1t0Y6n5jLrGQbkb4urgPE/0Rve+1kMB1v/oWgHgm4WIcV+i7F2pTVj+2iQ==",
      "license": "MIT",
      "peer": true,
      "dependencies": {
        "loose-envify": "^1.1.0"
      },
      "engines": {
        "node": ">=0.10.0"
      }
    },
    "node_modules/react-dom": {
      "version": "18.3.1",
      "resolved": "https://registry.npmjs.org/react-dom/-/react-dom-18.3.1.tgz",
      "integrity": "sha512-5m4nQKp+rZRb09LNH59GM4BxTh9251/ylbKIbpe7TpGxfJ+9kv6BLkLBXIjjspbgbnIBNqlI23tRnTWT0snUIw==",
      "license": "MIT",
      "peer": true,
      "dependencies": {
        "loose-envify": "^1.1.0",
        "scheduler": "^0.23.2"
      },
      "peerDependencies": {
        "react": "^18.3.1"
      }
    },
    "node_modules/react-is": {
      "version": "16.13.1",
      "resolved": "https://registry.npmjs.org/react-is/-/react-is-16.13.1.tgz",
      "integrity": "sha512-24e6ynE2H+OKt4kqsOvNd8kBpV65zoxbA4BVsEOB3ARVWQki/DHzaUoC5KuON/BiccDaCCTZBuOcfZs70kR8bQ==",
      "license": "MIT",
      "peer": true
    },
    "node_modules/react-simple-maps": {
      "version": "3.0.0",
      "resolved": "https://registry.npmjs.org/react-simple-maps/-/react-simple-maps-3.0.0.tgz",
      "integrity": "sha512-vKNFrvpPG8Vyfdjnz5Ne1N56rZlDfHXv5THNXOVZMqbX1rWZA48zQuYT03mx6PAKanqarJu/PDLgshIZAfHHqw==",
      "license": "MIT",
      "dependencies": {
        "d3-geo": "^2.0.2",
        "d3-selection": "^2.0.0",
        "d3-zoom": "^2.0.0",
        "topojson-client": "^3.1.0"
      },
      "peerDependencies": {
        "prop-types": "^15.7.2",
        "react": "^16.8.0 || 17.x || 18.x",
        "react-dom": "^16.8.0 || 17.x || 18.x"
      }
    },
    "node_modules/react-simple-maps/node_modules/d3-array": {
      "version": "2.12.1",
      "resolved": "https://registry.npmjs.org/d3-array/-/d3-array-2.12.1.tgz",
      "integrity": "sha512-B0ErZK/66mHtEsR1TkPEEkwdy+WDesimkM5gpZr5Dsg54BiTA5RXtYW5qTLIAcekaS9xfZrzBLF/OAkB3Qn1YQ==",
      "license": "BSD-3-Clause",
      "dependencies": {
        "internmap": "^1.0.0"
      }
    },
    "node_modules/react-simple-maps/node_modules/d3-geo": {
      "version": "2.0.2",
      "resolved": "https://registry.npmjs.org/d3-geo/-/d3-geo-2.0.2.tgz",
      "integrity": "sha512-8pM1WGMLGFuhq9S+FpPURxic+gKzjluCD/CHTuUF3mXMeiCo0i6R0tO1s4+GArRFde96SLcW/kOFRjoAosPsFA==",
      "license": "BSD-3-Clause",
      "dependencies": {
        "d3-array": "^2.5.0"
      }
    },
    "node_modules/react-simple-maps/node_modules/internmap": {
      "version": "1.0.1",
      "resolved": "https://registry.npmjs.org/internmap/-/internmap-1.0.1.tgz",
      "integrity": "sha512-lDB5YccMydFBtasVtxnZ3MRBHuaoE8GKsppq+EchKL2U4nK/DmEpPHNH8MZe5HkMtpSiTSOZwfN0tzYjO/lJEw==",
      "license": "ISC"
    },
    "node_modules/scheduler": {
      "version": "0.23.2",
      "resolved": "https://registry.npmjs.org/scheduler/-/scheduler-0.23.2.tgz",
      "integrity": "sha512-UOShsPwz7NrMUqhR6t0hWjFduvOzbtv7toDH1/hIrfRNIDBnnBWd0CwJTGvTpngVlmwGCdP9/Zl/tVrDqcuYzQ==",
      "license": "MIT",
      "peer": true,
      "dependencies": {
        "loose-envify": "^1.1.0"
      }
    },
    "node_modules/semver": {
      "version": "7.8.5",
      "resolved": "https://registry.npmjs.org/semver/-/semver-7.8.5.tgz",
      "integrity": "sha512-Y7/KDsb8LjooZpwaqGyulO6DQlksgCncchHGk+sZIY4SBvUocMBEFH5Ur1fI4dV+Jvl0w6cjvucaIi40puRioA==",
      "license": "ISC",
      "bin": {
        "semver": "bin/semver.js"
      },
      "engines": {
        "node": ">=10"
      }
    },
    "node_modules/serialize-error": {
      "version": "8.1.0",
      "resolved": "https://registry.npmjs.org/serialize-error/-/serialize-error-8.1.0.tgz",
      "integrity": "sha512-3NnuWfM6vBYoy5gZFvHiYsVbafvI9vZv/+jlIigFn4oP4zjNPK3LhcY0xSCgeb1a5L8jO71Mit9LlNoi2UfDDQ==",
      "license": "MIT",
      "dependencies": {
        "type-fest": "^0.20.2"
      },
      "engines": {
        "node": ">=10"
      },
      "funding": {
        "url": "https://github.com/sponsors/sindresorhus"
      }
    },
    "node_modules/topojson-client": {
      "version": "3.1.0",
      "resolved": "https://registry.npmjs.org/topojson-client/-/topojson-client-3.1.0.tgz",
      "integrity": "sha512-605uxS6bcYxGXw9qi62XyrV6Q3xwbndjachmNxu8HWTtVPxZfEJN9fd/SZS1Q54Sn2y0TMyMxFj/cJINqGHrKw==",
      "license": "ISC",
      "dependencies": {
        "commander": "2"
      },
      "bin": {
        "topo2geo": "bin/topo2geo",
        "topomerge": "bin/topomerge",
        "topoquantize": "bin/topoquantize"
      }
    },
    "node_modules/tslib": {
      "version": "2.8.1",
      "resolved": "https://registry.npmjs.org/tslib/-/tslib-2.8.1.tgz",
      "integrity": "sha512-oJFu94HQb+KVduSUQL7wnpmqnfmLsOA/nAh6b6EH0wCEoK0/mPeXU6c3wKDV83MkOuHPRHtSXKKU99IBazS/2w==",
      "license": "0BSD"
    },
    "node_modules/type-fest": {
      "version": "0.20.2",
      "resolved": "https://registry.npmjs.org/type-fest/-/type-fest-0.20.2.tgz",
      "integrity": "sha512-Ne+eE4r0/iWnpAxD852z3A+N0Bt5RN//NjJwRd2VFHEmrywxf5vsZlh4R6lixl6B+wz/8d+maTSAkN1FIkI3LQ==",
      "license": "(MIT OR CC0-1.0)",
      "engines": {
        "node": ">=10"
      },
      "funding": {
        "url": "https://github.com/sponsors/sindresorhus"
      }
    }
  }
}
